
Microsoft Visual Studio Solution File, Format Version 12.00
# Visual Studio Version 16
VisualStudioVersion = 16.0.30804.86
MinimumVisualStudioVersion = 10.0.40219.1
Project("{FAE04EC0-301F-11D3-BF4B-00C04F79EFBC}") = "Iurec_Alexandra_Lab10.Android", "Iurec_Alexandra_Lab10\Iurec_Alexandra_Lab10.Android\Iurec_Alexandra_Lab10.Android.csproj", "{044A57BC-5E9B-4266-A5F6-4E6EB787C818}"
EndProject
Project("{FAE04EC0-301F-11D3-BF4B-00C04F79EFBC}") = "Iurec_Alexandra_Lab10.iOS", "Iurec_Alexandra_Lab10\Iurec_Alexandra_Lab10.iOS\Iurec_Alexandra_Lab10.iOS.csproj", "{AFAAF5DE-3FFE-438C-B2FC-B7FE11C47531}"
EndProject
Project("{FAE04EC0-301F-11D3-BF4B-00C04F79EFBC}") = "Iurec_Alexandra_Lab10", "Iurec_Alexandra_Lab10\Iurec_Alexandra_Lab10\Iurec_Alexandra_Lab10.csproj", "{6F8F3166-28DD-4821-91AE-17E4BD1F9A83}"
EndProject
Global
	GlobalSection(SolutionConfigurationPlatforms) = preSolution
		Debug|Any CPU = Debug|Any CPU
		Debug|iPhone = Debug|iPhone
		Debug|iPhoneSimulator = Debug|iPhoneSimulator
		Release|Any CPU = Release|Any CPU
		Release|iPhone = Release|iPhone
		Release|iPhoneSimulator = Release|iPhoneSimulator
	EndGlobalSection
	GlobalSection(ProjectConfigurationPlatforms) = postSolution
		{044A57BC-5E9B-4266-A5F6-4E6EB787C818}.Debug|Any CPU.ActiveCfg = Debug|Any CPU
		{044A57BC-5E9B-4266-A5F6-4E6EB787C818}.Debug|Any CPU.Build.0 = Debug|Any CPU
		{044A57BC-5E9B-4266-A5F6-4E6EB787C818}.Debug|Any CPU.Deploy.0 = Debug|Any CPU
		{044A57BC-5E9B-4266-A5F6-4E6EB787C818}.Debug|iPhone.ActiveCfg = Debug|Any CPU
		{044A57BC-5E9B-4266-A5F6-4E6EB787C818}.Debug|iPhone.Build.0 = Debug|Any CPU
		{044A57BC-5E9B-4266-A5F6-4E6EB787C818}.Debug|iPhone.Deploy.0 = Debug|Any CPU
		{044A57BC-5E9B-4266-A5F6-4E6EB787C818}.Debug|iPhoneSimulator.ActiveCfg = Debug|Any CPU
		{044A57BC-5E9B-4266-A5F6-4E6EB787C818}.Debug|iPhoneSimulator.Build.0 = Debug|Any CPU
		{044A57BC-5E9B-4266-A5F6-4E6EB787C818}.Debug|iPhoneSimulator.Deploy.0 = Debug|Any CPU
		{044A57BC-5E9B-4266-A5F6-4E6EB787C818}.Release|Any CPU.ActiveCfg = Release|Any CPU
		{044A57BC-5E9B-4266-A5F6-4E6EB787C818}.Release|Any CPU.Build.0 = Release|Any CPU
		{044A57BC-5E9B-4266-A5F6-4E6EB787C818}.Release|Any CPU.Deploy.0 = Release|Any CPU
		{044A57BC-5E9B-4266-A5F6-4E6EB787C818}.Release|iPhone.ActiveCfg = Release|Any CPU
		{044A57BC-5E9B-4266-A5F6-4E6EB787C818}.Release|iPhone.Build.0 = Release|Any CPU
		{044A57BC-5E9B-4266-A5F6-4E6EB787C818}.Release|iPhone.Deploy.0 = Release|Any CPU
		{044A57BC-5E9B-4266-A5F6-4E6EB787C818}.Release|iPhoneSimulator.ActiveCfg = Release|Any CPU
		{044A57BC-5E9B-4266-A5F6-4E6EB787C818}.Release|iPhoneSimulator.Build.0 = Release|Any CPU
		{044A57BC-5E9B-4266-A5F6-4E6EB787C818}.Release|iPhoneSimulator.Deploy.0 = Release|Any CPU
		{AFAAF5DE-3FFE-438C-B2FC-B7FE11C47531}.Debug|Any CPU.ActiveCfg = Debug|iPhone
		{AFAAF5DE-3FFE-438C-B2FC-B7FE11C47531}.Debug|Any CPU.Build.0 = Debug|iPhone
		{AFAAF5DE-3FFE-438C-B2FC-B7FE11C47531}.Debug|Any CPU.Deploy.0 = Debug|iPhone
		{AFAAF5DE-3FFE-438C-B2FC-B7FE11C47531}.Debug|iPhone.ActiveCfg = Debug|iPhone
		{AFAAF5DE-3FFE-438C-B2FC-B7FE11C47531}.Debug|iPhone.Build.0 = Debug|iPhone
		{AFAAF5DE-3FFE-438C-B2FC-B7FE11C47531}.Debug|iPhone.Deploy.0 = Debug|iPhone
		{AFAAF5DE-3FFE-438C-B2FC-B7FE11C47531}.Debug|iPhoneSimulator.ActiveCfg = Debug|iPhoneSimulator
		{AFAAF5DE-3FFE-438C-B2FC-B7FE11C47531}.Debug|iPhoneSimulator.Build.0 = Debug|iPhoneSimulator
		{AFAAF5DE-3FFE-438C-B2FC-B7FE11C47531}.Debug|iPhoneSimulator.Deploy.0 = Debug|iPhoneSimulator
		{AFAAF5DE-3FFE-438C-B2FC-B7FE11C47531}.Release|Any CPU.ActiveCfg = Release|iPhoneSimulator
		{AFAAF5DE-3FFE-438C-B2FC-B7FE11C47531}.Release|Any CPU.Build.0 = Release|iPhoneSimulator
		{AFAAF5DE-3FFE-438C-B2FC-B7FE11C47531}.Release|Any CPU.Deploy.0 = Release|iPhoneSimulator
		{AFAAF5DE-3FFE-438C-B2FC-B7FE11C47531}.Release|iPhone.ActiveCfg = Release|iPhone
		{AFAAF5DE-3FFE-438C-B2FC-B7FE11C47531}.Release|iPhone.Build.0 = Release|iPhone
		{AFAAF5DE-3FFE-438C-B2FC-B7FE11C47531}.Release|iPhone.Deploy.0 = Release|iPhone
		{AFAAF5DE-3FFE-438C-B2FC-B7FE11C47531}.Release|iPhoneSimulator.ActiveCfg = Release|iPhoneSimulator
		{AFAAF5DE-3FFE-438C-B2FC-B7FE11C47531}.Release|iPhoneSimulator.Build.0 = Release|iPhoneSimulator
		{AFAAF5DE-3FFE-438C-B2FC-B7FE11C47531}.Release|iPhoneSimulator.Deploy.0 = Release|iPhoneSimulator
		{6F8F3166-28DD-4821-91AE-17E4BD1F9A83}.Debug|Any CPU.ActiveCfg = Debug|Any CPU
		{6F8F3166-28DD-4821-91AE-17E4BD1F9A83}.Debug|Any CPU.Build.0 = Debug|Any CPU
		{6F8F3166-28DD-4821-91AE-17E4BD1F9A83}.Debug|Any CPU.Deploy.0 = Debug|Any CPU
		{6F8F3166-28DD-4821-91AE-17E4BD1F9A83}.Debug|iPhone.ActiveCfg = Debug|Any CPU
		{6F8F3166-28DD-4821-91AE-17E4BD1F9A83}.Debug|iPhone.Build.0 = Debug|Any CPU
		{6F8F3166-28DD-4821-91AE-17E4BD1F9A83}.Debug|iPhone.Deploy.0 = Debug|Any CPU
		{6F8F3166-28DD-4821-91AE-17E4BD1F9A83}.Debug|iPhoneSimulator.ActiveCfg = Debug|Any CPU
		{6F8F3166-28DD-4821-91AE-17E4BD1F9A83}.Debug|iPhoneSimulator.Build.0 = Debug|Any CPU
		{6F8F3166-28DD-4821-91AE-17E4BD1F9A83}.Debug|iPhoneSimulator.Deploy.0 = Debug|Any CPU
		{6F8F3166-28DD-4821-91AE-17E4BD1F9A83}.Release|Any CPU.ActiveCfg = Release|Any CPU
		{6F8F3166-28DD-4821-91AE-17E4BD1F9A83}.Release|Any CPU.Build.0 = Release|Any CPU
		{6F8F3166-28DD-4821-91AE-17E4BD1F9A83}.Release|Any CPU.Deploy.0 = Release|Any CPU
		{6F8F3166-28DD-4821-91AE-17E4BD1F9A83}.Release|iPhone.ActiveCfg = Release|Any CPU
		{6F8F3166-28DD-4821-91AE-17E4BD1F9A83}.Release|iPhone.Build.0 = Release|Any CPU
		{6F8F3166-28DD-4821-91AE-17E4BD1F9A83}.Release|iPhone.Deploy.0 = Release|Any CPU
		{6F8F3166-28DD-4821-91AE-17E4BD1F9A83}.Release|iPhoneSimulator.ActiveCfg = Release|Any CPU
		{6F8F3166-28DD-4821-91AE-17E4BD1F9A83}.Release|iPhoneSimulator.Build.0 = Release|Any CPU
		{6F8F3166-28DD-4821-91AE-17E4BD1F9A83}.Release|iPhoneSimulator.Deploy.0 = Release|Any CPU
	EndGlobalSection
	GlobalSection(SolutionProperties) = preSolution
		HideSolutionNode = FALSE
	EndGlobalSection
	GlobalSection(ExtensibilityGlobals) = postSolution
		SolutionGuid = {78E02962-AFC4-4A86-B29C-8EC20BE26A27}
	EndGlobalSection
EndGlobal
